// !$*UTF8*$!
{
	archiveVersion = 1;
	classes = {
	};
	objectVersion = 55;
	objects = {

/* Begin PBXBuildFile section */
		1E4068A765232BD6ED93070D /* Pods_Switcher.framework in Frameworks */ = {isa = PBXBuildFile; fileRef = B0284D33547AB46888C30E5C /* Pods_Switcher.framework */; };
		2199060D0419893AEFAA93D5 /* Pods_SwitcherTests.framework in Frameworks */ = {isa = PBXBuildFile; fileRef = 334167ACBD3F3977EF039666 /* Pods_SwitcherTests.framework */; };
		C31D610F227D4089861DF08E /* Pods_Switcher_SwitcherUITests.framework in Frameworks */ = {isa = PBXBuildFile; fileRef = 605E8E5192E3C847AB901C78 /* Pods_Switcher_SwitcherUITests.framework */; };
		F92E216C2A7533C100DE55C6 /* Wrapper.swift in Sources */ = {isa = PBXBuildFile; fileRef = F92E216B2A7533C100DE55C6 /* Wrapper.swift */; };
		F92E21702A75361C00DE55C6 /* MenuModel.swift in Sources */ = {isa = PBXBuildFile; fileRef = F92E216F2A75361C00DE55C6 /* MenuModel.swift */; };
		F92E21712A75363300DE55C6 /* MenuModel.swift in Sources */ = {isa = PBXBuildFile; fileRef = F92E216F2A75361C00DE55C6 /* MenuModel.swift */; };
		F94C618428C3A5C200EE41ED /* Localizable.strings in Resources */ = {isa = PBXBuildFile; fileRef = F94C618628C3A5C200EE41ED /* Localizable.strings */; };
		F9500528279AB23B006807F8 /* ColorAssets.xcassets in Resources */ = {isa = PBXBuildFile; fileRef = F9500527279AB23B006807F8 /* ColorAssets.xcassets */; };
		F9743DBE282925B20024F03D /* KeyMapModel.swift in Sources */ = {isa = PBXBuildFile; fileRef = F9743DBD282925B20024F03D /* KeyMapModel.swift */; };
		F97D4D5727883B0900FBC5AD /* SwitcherApp.swift in Sources */ = {isa = PBXBuildFile; fileRef = F97D4D5627883B0900FBC5AD /* SwitcherApp.swift */; };
		F97D4D5927883B0900FBC5AD /* AlertView.swift in Sources */ = {isa = PBXBuildFile; fileRef = F97D4D5827883B0900FBC5AD /* AlertView.swift */; };
		F97D4D5B27883B0B00FBC5AD /* Assets.xcassets in Resources */ = {isa = PBXBuildFile; fileRef = F97D4D5A27883B0B00FBC5AD /* Assets.xcassets */; };
		F97D4D5E27883B0B00FBC5AD /* Preview Assets.xcassets in Resources */ = {isa = PBXBuildFile; fileRef = F97D4D5D27883B0B00FBC5AD /* Preview Assets.xcassets */; };
		F97D4D6927883B0B00FBC5AD /* SwitcherTests.swift in Sources */ = {isa = PBXBuildFile; fileRef = F97D4D6827883B0B00FBC5AD /* SwitcherTests.swift */; };
		F97D4D7327883B0B00FBC5AD /* SwitcherUITests.swift in Sources */ = {isa = PBXBuildFile; fileRef = F97D4D7227883B0B00FBC5AD /* SwitcherUITests.swift */; };
		F97D4D7527883B0B00FBC5AD /* SwitcherUITestsLaunchTests.swift in Sources */ = {isa = PBXBuildFile; fileRef = F97D4D7427883B0B00FBC5AD /* SwitcherUITestsLaunchTests.swift */; };
		F97D4D8E2788416300FBC5AD /* CGEventExtension.swift in Sources */ = {isa = PBXBuildFile; fileRef = F97D4D8D2788416300FBC5AD /* CGEventExtension.swift */; };
		F97D4D912788419100FBC5AD /* MenuView.swift in Sources */ = {isa = PBXBuildFile; fileRef = F97D4D902788419100FBC5AD /* MenuView.swift */; };
		F97D4D9327885EA000FBC5AD /* KeyInputController.swift in Sources */ = {isa = PBXBuildFile; fileRef = F97D4D8B2788413F00FBC5AD /* KeyInputController.swift */; };
		F99C8B272A3458EE00E8875C /* CreateEventTap.swift in Sources */ = {isa = PBXBuildFile; fileRef = F99C8B262A3458EE00E8875C /* CreateEventTap.swift */; };
		F99C8B292A3459DD00E8875C /* AppDelegate.swift in Sources */ = {isa = PBXBuildFile; fileRef = F99C8B282A3459DD00E8875C /* AppDelegate.swift */; };
		F99C8B2C2A345A4600E8875C /* MakeMenuButton.swift in Sources */ = {isa = PBXBuildFile; fileRef = F99C8B2B2A345A4600E8875C /* MakeMenuButton.swift */; };
		F99C8B582A346A3E00E8875C /* MakeMenuButton.swift in Sources */ = {isa = PBXBuildFile; fileRef = F99C8B2B2A345A4600E8875C /* MakeMenuButton.swift */; };
		F99C8B5A2A346A3E00E8875C /* ShellCommands.swift in Sources */ = {isa = PBXBuildFile; fileRef = F9BAFD76278AF8FD00990607 /* ShellCommands.swift */; };
		F99C8B5F2A346A3E00E8875C /* AppDelegate.swift in Sources */ = {isa = PBXBuildFile; fileRef = F99C8B282A3459DD00E8875C /* AppDelegate.swift */; };
		F99C8B632A346A3E00E8875C /* CreateEventTap.swift in Sources */ = {isa = PBXBuildFile; fileRef = F99C8B262A3458EE00E8875C /* CreateEventTap.swift */; };
		F99C8B642A346A3E00E8875C /* WelcomeView.swift in Sources */ = {isa = PBXBuildFile; fileRef = F9E7EB10278C5BE2004B5037 /* WelcomeView.swift */; };
		F99C8B652A346A3E00E8875C /* AlertView.swift in Sources */ = {isa = PBXBuildFile; fileRef = F97D4D5827883B0900FBC5AD /* AlertView.swift */; };
		F99C8B662A346A3E00E8875C /* CGEventExtension.swift in Sources */ = {isa = PBXBuildFile; fileRef = F97D4D8D2788416300FBC5AD /* CGEventExtension.swift */; };
		F99C8B682A346A3E00E8875C /* SwitcherApp.swift in Sources */ = {isa = PBXBuildFile; fileRef = F97D4D5627883B0900FBC5AD /* SwitcherApp.swift */; };
		F99C8B6A2A346A3E00E8875C /* KeyInputController.swift in Sources */ = {isa = PBXBuildFile; fileRef = F97D4D8B2788413F00FBC5AD /* KeyInputController.swift */; };
		F99C8B6C2A346A3E00E8875C /* Pods_Switcher.framework in Frameworks */ = {isa = PBXBuildFile; fileRef = B0284D33547AB46888C30E5C /* Pods_Switcher.framework */; };
		F99C8B6E2A346A3E00E8875C /* Preview Assets.xcassets in Resources */ = {isa = PBXBuildFile; fileRef = F97D4D5D27883B0B00FBC5AD /* Preview Assets.xcassets */; };
		F99C8B6F2A346A3E00E8875C /* Localizable.strings in Resources */ = {isa = PBXBuildFile; fileRef = F94C618628C3A5C200EE41ED /* Localizable.strings */; };
		F99C8B702A346A3E00E8875C /* ColorAssets.xcassets in Resources */ = {isa = PBXBuildFile; fileRef = F9500527279AB23B006807F8 /* ColorAssets.xcassets */; };
		F99C8B712A346A3E00E8875C /* Assets.xcassets in Resources */ = {isa = PBXBuildFile; fileRef = F97D4D5A27883B0B00FBC5AD /* Assets.xcassets */; };
		F99C8B782A346AA100E8875C /* KeyMapModel.swift in Sources */ = {isa = PBXBuildFile; fileRef = F9743DBD282925B20024F03D /* KeyMapModel.swift */; };
		F99C8B792A346ACF00E8875C /* MenuView.swift in Sources */ = {isa = PBXBuildFile; fileRef = F97D4D902788419100FBC5AD /* MenuView.swift */; };
		F99C8B832A3478B500E8875C /* Apple Symbols.ttf in Resources */ = {isa = PBXBuildFile; fileRef = F99C8B822A3478B500E8875C /* Apple Symbols.ttf */; };
		F99C8B842A3478B500E8875C /* Apple Symbols.ttf in Resources */ = {isa = PBXBuildFile; fileRef = F99C8B822A3478B500E8875C /* Apple Symbols.ttf */; };
		F9BAFD77278AF8FD00990607 /* ShellCommands.swift in Sources */ = {isa = PBXBuildFile; fileRef = F9BAFD76278AF8FD00990607 /* ShellCommands.swift */; };
		F9E7EB11278C5BE2004B5037 /* WelcomeView.swift in Sources */ = {isa = PBXBuildFile; fileRef = F9E7EB10278C5BE2004B5037 /* WelcomeView.swift */; };
/* End PBXBuildFile section */

/* Begin PBXContainerItemProxy section */
		F97D4D6527883B0B00FBC5AD /* PBXContainerItemProxy */ = {
			isa = PBXContainerItemProxy;
			containerPortal = F97D4D4B27883B0900FBC5AD /* Project object */;
			proxyType = 1;
			remoteGlobalIDString = F97D4D5227883B0900FBC5AD;
			remoteInfo = Switcher;
		};
		F97D4D6F27883B0B00FBC5AD /* PBXContainerItemProxy */ = {
			isa = PBXContainerItemProxy;
			containerPortal = F97D4D4B27883B0900FBC5AD /* Project object */;
			proxyType = 1;
			remoteGlobalIDString = F97D4D5227883B0900FBC5AD;
			remoteInfo = Switcher;
		};
/* End PBXContainerItemProxy section */

/* Begin PBXFileReference section */
		00253C0572F4A70B4DAFF128 /* Pods-Switcher-SwitcherUITests.release.xcconfig */ = {isa = PBXFileReference; includeInIndex = 1; lastKnownFileType = text.xcconfig; name = "Pods-Switcher-SwitcherUITests.release.xcconfig"; path = "Target Support Files/Pods-Switcher-SwitcherUITests/Pods-Switcher-SwitcherUITests.release.xcconfig"; sourceTree = "<group>"; };
		334167ACBD3F3977EF039666 /* Pods_SwitcherTests.framework */ = {isa = PBXFileReference; explicitFileType = wrapper.framework; includeInIndex = 0; path = Pods_SwitcherTests.framework; sourceTree = BUILT_PRODUCTS_DIR; };
		3481CD92242070E45C675733 /* Pods-SwitcherTests.release.xcconfig */ = {isa = PBXFileReference; includeInIndex = 1; lastKnownFileType = text.xcconfig; name = "Pods-SwitcherTests.release.xcconfig"; path = "Target Support Files/Pods-SwitcherTests/Pods-SwitcherTests.release.xcconfig"; sourceTree = "<group>"; };
		53E1A3AEAB5FF0968E1F3A64 /* Pods-Switcher-SwitcherUITests.debug.xcconfig */ = {isa = PBXFileReference; includeInIndex = 1; lastKnownFileType = text.xcconfig; name = "Pods-Switcher-SwitcherUITests.debug.xcconfig"; path = "Target Support Files/Pods-Switcher-SwitcherUITests/Pods-Switcher-SwitcherUITests.debug.xcconfig"; sourceTree = "<group>"; };
		578D1AE8C837FA87C88679EF /* Pods-Switcher.release.xcconfig */ = {isa = PBXFileReference; includeInIndex = 1; lastKnownFileType = text.xcconfig; name = "Pods-Switcher.release.xcconfig"; path = "Target Support Files/Pods-Switcher/Pods-Switcher.release.xcconfig"; sourceTree = "<group>"; };
		605E8E5192E3C847AB901C78 /* Pods_Switcher_SwitcherUITests.framework */ = {isa = PBXFileReference; explicitFileType = wrapper.framework; includeInIndex = 0; path = Pods_Switcher_SwitcherUITests.framework; sourceTree = BUILT_PRODUCTS_DIR; };
		B0284D33547AB46888C30E5C /* Pods_Switcher.framework */ = {isa = PBXFileReference; explicitFileType = wrapper.framework; includeInIndex = 0; path = Pods_Switcher.framework; sourceTree = BUILT_PRODUCTS_DIR; };
		C0E6F129B0537995A6C69EEC /* Pods-SwitcherTests.debug.xcconfig */ = {isa = PBXFileReference; includeInIndex = 1; lastKnownFileType = text.xcconfig; name = "Pods-SwitcherTests.debug.xcconfig"; path = "Target Support Files/Pods-SwitcherTests/Pods-SwitcherTests.debug.xcconfig"; sourceTree = "<group>"; };
		C8CCB961CFAD0B80537658BB /* Pods-Switcher.debug.xcconfig */ = {isa = PBXFileReference; includeInIndex = 1; lastKnownFileType = text.xcconfig; name = "Pods-Switcher.debug.xcconfig"; path = "Target Support Files/Pods-Switcher/Pods-Switcher.debug.xcconfig"; sourceTree = "<group>"; };
		F92E216B2A7533C100DE55C6 /* Wrapper.swift */ = {isa = PBXFileReference; lastKnownFileType = sourcecode.swift; path = Wrapper.swift; sourceTree = "<group>"; };
		F92E216F2A75361C00DE55C6 /* MenuModel.swift */ = {isa = PBXFileReference; lastKnownFileType = sourcecode.swift; path = MenuModel.swift; sourceTree = "<group>"; };
		F94C618528C3A5C200EE41ED /* en */ = {isa = PBXFileReference; lastKnownFileType = text.plist.strings; name = en; path = en.lproj/Localizable.strings; sourceTree = "<group>"; };
		F94C618728C3A5F100EE41ED /* ko */ = {isa = PBXFileReference; lastKnownFileType = text.plist.strings; name = ko; path = ko.lproj/Localizable.strings; sourceTree = "<group>"; };
		F9500527279AB23B006807F8 /* ColorAssets.xcassets */ = {isa = PBXFileReference; lastKnownFileType = folder.assetcatalog; path = ColorAssets.xcassets; sourceTree = "<group>"; };
		F9743DBD282925B20024F03D /* KeyMapModel.swift */ = {isa = PBXFileReference; lastKnownFileType = sourcecode.swift; path = KeyMapModel.swift; sourceTree = "<group>"; };
		F97D4D5327883B0900FBC5AD /* Switcher.app */ = {isa = PBXFileReference; explicitFileType = wrapper.application; includeInIndex = 0; path = Switcher.app; sourceTree = BUILT_PRODUCTS_DIR; };
		F97D4D5627883B0900FBC5AD /* SwitcherApp.swift */ = {isa = PBXFileReference; lastKnownFileType = sourcecode.swift; path = SwitcherApp.swift; sourceTree = "<group>"; };
		F97D4D5827883B0900FBC5AD /* AlertView.swift */ = {isa = PBXFileReference; lastKnownFileType = sourcecode.swift; path = AlertView.swift; sourceTree = "<group>"; };
		F97D4D5A27883B0B00FBC5AD /* Assets.xcassets */ = {isa = PBXFileReference; lastKnownFileType = folder.assetcatalog; path = Assets.xcassets; sourceTree = "<group>"; };
		F97D4D5D27883B0B00FBC5AD /* Preview Assets.xcassets */ = {isa = PBXFileReference; lastKnownFileType = folder.assetcatalog; path = "Preview Assets.xcassets"; sourceTree = "<group>"; };
		F97D4D5F27883B0B00FBC5AD /* Switcher.entitlements */ = {isa = PBXFileReference; lastKnownFileType = text.plist.entitlements; path = Switcher.entitlements; sourceTree = "<group>"; };
		F97D4D6427883B0B00FBC5AD /* SwitcherTests.xctest */ = {isa = PBXFileReference; explicitFileType = wrapper.cfbundle; includeInIndex = 0; path = SwitcherTests.xctest; sourceTree = BUILT_PRODUCTS_DIR; };
		F97D4D6827883B0B00FBC5AD /* SwitcherTests.swift */ = {isa = PBXFileReference; lastKnownFileType = sourcecode.swift; path = SwitcherTests.swift; sourceTree = "<group>"; };
		F97D4D6E27883B0B00FBC5AD /* SwitcherUITests.xctest */ = {isa = PBXFileReference; explicitFileType = wrapper.cfbundle; includeInIndex = 0; path = SwitcherUITests.xctest; sourceTree = BUILT_PRODUCTS_DIR; };
		F97D4D7227883B0B00FBC5AD /* SwitcherUITests.swift */ = {isa = PBXFileReference; lastKnownFileType = sourcecode.swift; path = SwitcherUITests.swift; sourceTree = "<group>"; };
		F97D4D7427883B0B00FBC5AD /* SwitcherUITestsLaunchTests.swift */ = {isa = PBXFileReference; lastKnownFileType = sourcecode.swift; path = SwitcherUITestsLaunchTests.swift; sourceTree = "<group>"; };
		F97D4D8B2788413F00FBC5AD /* KeyInputController.swift */ = {isa = PBXFileReference; lastKnownFileType = sourcecode.swift; path = KeyInputController.swift; sourceTree = "<group>"; };
		F97D4D8D2788416300FBC5AD /* CGEventExtension.swift */ = {isa = PBXFileReference; lastKnownFileType = sourcecode.swift; path = CGEventExtension.swift; sourceTree = "<group>"; };
		F97D4D902788419100FBC5AD /* MenuView.swift */ = {isa = PBXFileReference; lastKnownFileType = sourcecode.swift; path = MenuView.swift; sourceTree = "<group>"; };
		F99C8B262A3458EE00E8875C /* CreateEventTap.swift */ = {isa = PBXFileReference; lastKnownFileType = sourcecode.swift; path = CreateEventTap.swift; sourceTree = "<group>"; };
		F99C8B282A3459DD00E8875C /* AppDelegate.swift */ = {isa = PBXFileReference; lastKnownFileType = sourcecode.swift; path = AppDelegate.swift; sourceTree = "<group>"; };
		F99C8B2B2A345A4600E8875C /* MakeMenuButton.swift */ = {isa = PBXFileReference; lastKnownFileType = sourcecode.swift; path = MakeMenuButton.swift; sourceTree = "<group>"; };
		F99C8B762A346A3E00E8875C /* Switcher_V3.0.0.app */ = {isa = PBXFileReference; explicitFileType = wrapper.application; includeInIndex = 0; path = Switcher_V3.0.0.app; sourceTree = BUILT_PRODUCTS_DIR; };
		F99C8B772A346A3E00E8875C /* Switcher copy-Info.plist */ = {isa = PBXFileReference; lastKnownFileType = text.plist.xml; name = "Switcher copy-Info.plist"; path = "/Users/gimsuhwan/Documents/swift/Switcher/Switcher copy-Info.plist"; sourceTree = "<absolute>"; };
		F99C8B822A3478B500E8875C /* Apple Symbols.ttf */ = {isa = PBXFileReference; lastKnownFileType = file; path = "Apple Symbols.ttf"; sourceTree = "<group>"; };
		F9BAFD76278AF8FD00990607 /* ShellCommands.swift */ = {isa = PBXFileReference; lastKnownFileType = sourcecode.swift; path = ShellCommands.swift; sourceTree = "<group>"; };
		F9E7EB09278C38E6004B5037 /* Info.plist */ = {isa = PBXFileReference; lastKnownFileType = text.plist; path = Info.plist; sourceTree = "<group>"; };
		F9E7EB10278C5BE2004B5037 /* WelcomeView.swift */ = {isa = PBXFileReference; lastKnownFileType = sourcecode.swift; path = WelcomeView.swift; sourceTree = "<group>"; };
/* End PBXFileReference section */

/* Begin PBXFrameworksBuildPhase section */
		F97D4D5027883B0900FBC5AD /* Frameworks */ = {
			isa = PBXFrameworksBuildPhase;
			buildActionMask = 2147483647;
			files = (
				1E4068A765232BD6ED93070D /* Pods_Switcher.framework in Frameworks */,
			);
			runOnlyForDeploymentPostprocessing = 0;
		};
		F97D4D6127883B0B00FBC5AD /* Frameworks */ = {
			isa = PBXFrameworksBuildPhase;
			buildActionMask = 2147483647;
			files = (
				2199060D0419893AEFAA93D5 /* Pods_SwitcherTests.framework in Frameworks */,
			);
			runOnlyForDeploymentPostprocessing = 0;
		};
		F97D4D6B27883B0B00FBC5AD /* Frameworks */ = {
			isa = PBXFrameworksBuildPhase;
			buildActionMask = 2147483647;
			files = (
				C31D610F227D4089861DF08E /* Pods_Switcher_SwitcherUITests.framework in Frameworks */,
			);
			runOnlyForDeploymentPostprocessing = 0;
		};
		F99C8B6B2A346A3E00E8875C /* Frameworks */ = {
			isa = PBXFrameworksBuildPhase;
			buildActionMask = 2147483647;
			files = (
				F99C8B6C2A346A3E00E8875C /* Pods_Switcher.framework in Frameworks */,
			);
			runOnlyForDeploymentPostprocessing = 0;
		};
/* End PBXFrameworksBuildPhase section */

/* Begin PBXGroup section */
		33A23FD0C2B8444F06179727 /* Pods */ = {
			isa = PBXGroup;
			children = (
				C8CCB961CFAD0B80537658BB /* Pods-Switcher.debug.xcconfig */,
				578D1AE8C837FA87C88679EF /* Pods-Switcher.release.xcconfig */,
				53E1A3AEAB5FF0968E1F3A64 /* Pods-Switcher-SwitcherUITests.debug.xcconfig */,
				00253C0572F4A70B4DAFF128 /* Pods-Switcher-SwitcherUITests.release.xcconfig */,
				C0E6F129B0537995A6C69EEC /* Pods-SwitcherTests.debug.xcconfig */,
				3481CD92242070E45C675733 /* Pods-SwitcherTests.release.xcconfig */,
			);
			path = Pods;
			sourceTree = "<group>";
		};
		81864350AFE9618276A6B1D4 /* Frameworks */ = {
			isa = PBXGroup;
			children = (
				B0284D33547AB46888C30E5C /* Pods_Switcher.framework */,
				605E8E5192E3C847AB901C78 /* Pods_Switcher_SwitcherUITests.framework */,
				334167ACBD3F3977EF039666 /* Pods_SwitcherTests.framework */,
			);
			name = Frameworks;
			sourceTree = "<group>";
		};
		F92E216D2A7535F500DE55C6 /* Models */ = {
			isa = PBXGroup;
			children = (
				F92E216F2A75361C00DE55C6 /* MenuModel.swift */,
			);
			path = Models;
			sourceTree = "<group>";
		};
		F92E216E2A7535FC00DE55C6 /* Views */ = {
			isa = PBXGroup;
			children = (
				F97D4D902788419100FBC5AD /* MenuView.swift */,
			);
			path = Views;
			sourceTree = "<group>";
		};
		F94C618128C3A3F800EE41ED /* Controller */ = {
			isa = PBXGroup;
			children = (
				F97D4D8B2788413F00FBC5AD /* KeyInputController.swift */,
				F92E216B2A7533C100DE55C6 /* Wrapper.swift */,
			);
			path = Controller;
			sourceTree = "<group>";
		};
		F9743DBC282922E10024F03D /* Extensions */ = {
			isa = PBXGroup;
			children = (
				F97D4D8D2788416300FBC5AD /* CGEventExtension.swift */,
			);
			path = Extensions;
			sourceTree = "<group>";
		};
		F97D4D4A27883B0900FBC5AD = {
			isa = PBXGroup;
			children = (
				F97D4D5527883B0900FBC5AD /* Switcher */,
				F97D4D6727883B0B00FBC5AD /* SwitcherTests */,
				F97D4D7127883B0B00FBC5AD /* SwitcherUITests */,
				F97D4D5427883B0900FBC5AD /* Products */,
				81864350AFE9618276A6B1D4 /* Frameworks */,
				33A23FD0C2B8444F06179727 /* Pods */,
				F99C8B772A346A3E00E8875C /* Switcher copy-Info.plist */,
			);
			sourceTree = "<group>";
		};
		F97D4D5427883B0900FBC5AD /* Products */ = {
			isa = PBXGroup;
			children = (
				F97D4D5327883B0900FBC5AD /* Switcher.app */,
				F97D4D6427883B0B00FBC5AD /* SwitcherTests.xctest */,
				F97D4D6E27883B0B00FBC5AD /* SwitcherUITests.xctest */,
				F99C8B762A346A3E00E8875C /* Switcher_V3.0.0.app */,
			);
			name = Products;
			sourceTree = "<group>";
		};
		F97D4D5527883B0900FBC5AD /* Switcher */ = {
			isa = PBXGroup;
			children = (
				F9E7EB09278C38E6004B5037 /* Info.plist */,
				F97D4D5627883B0900FBC5AD /* SwitcherApp.swift */,
				F99C8B2A2A3459FF00E8875C /* AppDelegates */,
				F94C618128C3A3F800EE41ED /* Controller */,
				F9BAFD75278AF8EC00990607 /* Command */,
				F9743DBC282922E10024F03D /* Extensions */,
				F9743DBD282925B20024F03D /* KeyMapModel.swift */,
				F989189B27D60C4000FA5726 /* View */,
				F94C618628C3A5C200EE41ED /* Localizable.strings */,
				F99C8B812A3476F100E8875C /* Assets */,
				F97D4D5F27883B0B00FBC5AD /* Switcher.entitlements */,
				F97D4D5C27883B0B00FBC5AD /* Preview Content */,
			);
			path = Switcher;
			sourceTree = "<group>";
		};
		F97D4D5C27883B0B00FBC5AD /* Preview Content */ = {
			isa = PBXGroup;
			children = (
				F97D4D5D27883B0B00FBC5AD /* Preview Assets.xcassets */,
			);
			path = "Preview Content";
			sourceTree = "<group>";
		};
		F97D4D6727883B0B00FBC5AD /* SwitcherTests */ = {
			isa = PBXGroup;
			children = (
				F97D4D6827883B0B00FBC5AD /* SwitcherTests.swift */,
			);
			path = SwitcherTests;
			sourceTree = "<group>";
		};
		F97D4D7127883B0B00FBC5AD /* SwitcherUITests */ = {
			isa = PBXGroup;
			children = (
				F97D4D7227883B0B00FBC5AD /* SwitcherUITests.swift */,
				F97D4D7427883B0B00FBC5AD /* SwitcherUITestsLaunchTests.swift */,
			);
			path = SwitcherUITests;
			sourceTree = "<group>";
		};
		F97D4D8F2788418200FBC5AD /* Menu */ = {
			isa = PBXGroup;
			children = (
				F92E216E2A7535FC00DE55C6 /* Views */,
				F92E216D2A7535F500DE55C6 /* Models */,
			);
			path = Menu;
			sourceTree = "<group>";
		};
		F989189B27D60C4000FA5726 /* View */ = {
			isa = PBXGroup;
			children = (
				F97D4D8F2788418200FBC5AD /* Menu */,
				F97D4D5827883B0900FBC5AD /* AlertView.swift */,
				F9E7EB10278C5BE2004B5037 /* WelcomeView.swift */,
			);
			path = View;
			sourceTree = "<group>";
		};
		F99C8B2A2A3459FF00E8875C /* AppDelegates */ = {
			isa = PBXGroup;
			children = (
				F99C8B282A3459DD00E8875C /* AppDelegate.swift */,
				F99C8B2B2A345A4600E8875C /* MakeMenuButton.swift */,
				F99C8B262A3458EE00E8875C /* CreateEventTap.swift */,
			);
			path = AppDelegates;
			sourceTree = "<group>";
		};
		F99C8B812A3476F100E8875C /* Assets */ = {
			isa = PBXGroup;
			children = (
				F99C8B822A3478B500E8875C /* Apple Symbols.ttf */,
				F9500527279AB23B006807F8 /* ColorAssets.xcassets */,
				F97D4D5A27883B0B00FBC5AD /* Assets.xcassets */,
			);
			path = Assets;
			sourceTree = "<group>";
		};
		F9BAFD75278AF8EC00990607 /* Command */ = {
			isa = PBXGroup;
			children = (
				F9BAFD76278AF8FD00990607 /* ShellCommands.swift */,
			);
			path = Command;
			sourceTree = "<group>";
		};
/* End PBXGroup section */

/* Begin PBXNativeTarget section */
		F97D4D5227883B0900FBC5AD /* Switcher */ = {
			isa = PBXNativeTarget;
			buildConfigurationList = F97D4D7827883B0B00FBC5AD /* Build configuration list for PBXNativeTarget "Switcher" */;
			buildPhases = (
				C94599B351B94EA3CF5B619F /* [CP] Check Pods Manifest.lock */,
				F97D4D4F27883B0900FBC5AD /* Sources */,
				F97D4D5027883B0900FBC5AD /* Frameworks */,
				F97D4D5127883B0900FBC5AD /* Resources */,
				2F58259BAE90DA81F1576231 /* [CP] Embed Pods Frameworks */,
			);
			buildRules = (
			);
			dependencies = (
			);
			name = Switcher;
			productName = Switcher;
			productReference = F97D4D5327883B0900FBC5AD /* Switcher.app */;
			productType = "com.apple.product-type.application";
		};
		F97D4D6327883B0B00FBC5AD /* SwitcherTests */ = {
			isa = PBXNativeTarget;
			buildConfigurationList = F97D4D7B27883B0B00FBC5AD /* Build configuration list for PBXNativeTarget "SwitcherTests" */;
			buildPhases = (
				51E3CA8F3A28C63622E67866 /* [CP] Check Pods Manifest.lock */,
				F97D4D6027883B0B00FBC5AD /* Sources */,
				F97D4D6127883B0B00FBC5AD /* Frameworks */,
				F97D4D6227883B0B00FBC5AD /* Resources */,
			);
			buildRules = (
			);
			dependencies = (
				F97D4D6627883B0B00FBC5AD /* PBXTargetDependency */,
			);
			name = SwitcherTests;
			productName = SwitcherTests;
			productReference = F97D4D6427883B0B00FBC5AD /* SwitcherTests.xctest */;
			productType = "com.apple.product-type.bundle.unit-test";
		};
		F97D4D6D27883B0B00FBC5AD /* SwitcherUITests */ = {
			isa = PBXNativeTarget;
			buildConfigurationList = F97D4D7E27883B0B00FBC5AD /* Build configuration list for PBXNativeTarget "SwitcherUITests" */;
			buildPhases = (
				6C31084868633D01D2C49617 /* [CP] Check Pods Manifest.lock */,
				F97D4D6A27883B0B00FBC5AD /* Sources */,
				F97D4D6B27883B0B00FBC5AD /* Frameworks */,
				F97D4D6C27883B0B00FBC5AD /* Resources */,
				0E2046899EC1B88312AB79EA /* [CP] Embed Pods Frameworks */,
			);
			buildRules = (
			);
			dependencies = (
				F97D4D7027883B0B00FBC5AD /* PBXTargetDependency */,
			);
			name = SwitcherUITests;
			productName = SwitcherUITests;
			productReference = F97D4D6E27883B0B00FBC5AD /* SwitcherUITests.xctest */;
			productType = "com.apple.product-type.bundle.ui-testing";
		};
		F99C8B532A346A3E00E8875C /* Switcher_V3.0.0 */ = {
			isa = PBXNativeTarget;
			buildConfigurationList = F99C8B732A346A3E00E8875C /* Build configuration list for PBXNativeTarget "Switcher_V3.0.0" */;
			buildPhases = (
				F99C8B542A346A3E00E8875C /* [CP] Check Pods Manifest.lock */,
				F99C8B552A346A3E00E8875C /* Sources */,
				F99C8B6B2A346A3E00E8875C /* Frameworks */,
				F99C8B6D2A346A3E00E8875C /* Resources */,
				F99C8B722A346A3E00E8875C /* [CP] Embed Pods Frameworks */,
			);
			buildRules = (
			);
			dependencies = (
			);
			name = Switcher_V3.0.0;
			productName = Switcher;
			productReference = F99C8B762A346A3E00E8875C /* Switcher_V3.0.0.app */;
			productType = "com.apple.product-type.application";
		};
/* End PBXNativeTarget section */

/* Begin PBXProject section */
		F97D4D4B27883B0900FBC5AD /* Project object */ = {
			isa = PBXProject;
			attributes = {
				BuildIndependentTargetsInParallel = 1;
				LastSwiftUpdateCheck = 1320;
				LastUpgradeCheck = 1320;
				TargetAttributes = {
					F97D4D5227883B0900FBC5AD = {
						CreatedOnToolsVersion = 13.2.1;
					};
					F97D4D6327883B0B00FBC5AD = {
						CreatedOnToolsVersion = 13.2.1;
						TestTargetID = F97D4D5227883B0900FBC5AD;
					};
					F97D4D6D27883B0B00FBC5AD = {
						CreatedOnToolsVersion = 13.2.1;
						TestTargetID = F97D4D5227883B0900FBC5AD;
					};
				};
			};
			buildConfigurationList = F97D4D4E27883B0900FBC5AD /* Build configuration list for PBXProject "Switcher" */;
			compatibilityVersion = "Xcode 13.0";
			developmentRegion = en;
			hasScannedForEncodings = 0;
			knownRegions = (
				en,
				Base,
				ko,
			);
			mainGroup = F97D4D4A27883B0900FBC5AD;
			packageReferences = (
			);
			productRefGroup = F97D4D5427883B0900FBC5AD /* Products */;
			projectDirPath = "";
			projectRoot = "";
			targets = (
				F97D4D5227883B0900FBC5AD /* Switcher */,
				F97D4D6327883B0B00FBC5AD /* SwitcherTests */,
				F97D4D6D27883B0B00FBC5AD /* SwitcherUITests */,
				F99C8B532A346A3E00E8875C /* Switcher_V3.0.0 */,
			);
		};
/* End PBXProject section */

/* Begin PBXResourcesBuildPhase section */
		F97D4D5127883B0900FBC5AD /* Resources */ = {
			isa = PBXResourcesBuildPhase;
			buildActionMask = 2147483647;
			files = (
				F97D4D5E27883B0B00FBC5AD /* Preview Assets.xcassets in Resources */,
				F94C618428C3A5C200EE41ED /* Localizable.strings in Resources */,
				F9500528279AB23B006807F8 /* ColorAssets.xcassets in Resources */,
				F97D4D5B27883B0B00FBC5AD /* Assets.xcassets in Resources */,
				F99C8B832A3478B500E8875C /* Apple Symbols.ttf in Resources */,
			);
			runOnlyForDeploymentPostprocessing = 0;
		};
		F97D4D6227883B0B00FBC5AD /* Resources */ = {
			isa = PBXResourcesBuildPhase;
			buildActionMask = 2147483647;
			files = (
			);
			runOnlyForDeploymentPostprocessing = 0;
		};
		F97D4D6C27883B0B00FBC5AD /* Resources */ = {
			isa = PBXResourcesBuildPhase;
			buildActionMask = 2147483647;
			files = (
			);
			runOnlyForDeploymentPostprocessing = 0;
		};
		F99C8B6D2A346A3E00E8875C /* Resources */ = {
			isa = PBXResourcesBuildPhase;
			buildActionMask = 2147483647;
			files = (
				F99C8B6E2A346A3E00E8875C /* Preview Assets.xcassets in Resources */,
				F99C8B6F2A346A3E00E8875C /* Localizable.strings in Resources */,
				F99C8B702A346A3E00E8875C /* ColorAssets.xcassets in Resources */,
				F99C8B712A346A3E00E8875C /* Assets.xcassets in Resources */,
				F99C8B842A3478B500E8875C /* Apple Symbols.ttf in Resources */,
			);
			runOnlyForDeploymentPostprocessing = 0;
		};
/* End PBXResourcesBuildPhase section */

/* Begin PBXShellScriptBuildPhase section */
		0E2046899EC1B88312AB79EA /* [CP] Embed Pods Frameworks */ = {
			isa = PBXShellScriptBuildPhase;
			buildActionMask = 2147483647;
			files = (
			);
			inputFileListPaths = (
				"${PODS_ROOT}/Target Support Files/Pods-Switcher-SwitcherUITests/Pods-Switcher-SwitcherUITests-frameworks-${CONFIGURATION}-input-files.xcfilelist",
			);
			name = "[CP] Embed Pods Frameworks";
			outputFileListPaths = (
				"${PODS_ROOT}/Target Support Files/Pods-Switcher-SwitcherUITests/Pods-Switcher-SwitcherUITests-frameworks-${CONFIGURATION}-output-files.xcfilelist",
			);
			runOnlyForDeploymentPostprocessing = 0;
			shellPath = /bin/sh;
			shellScript = "\"${PODS_ROOT}/Target Support Files/Pods-Switcher-SwitcherUITests/Pods-Switcher-SwitcherUITests-frameworks.sh\"\n";
			showEnvVarsInLog = 0;
		};
		2F58259BAE90DA81F1576231 /* [CP] Embed Pods Frameworks */ = {
			isa = PBXShellScriptBuildPhase;
			buildActionMask = 2147483647;
			files = (
			);
			inputFileListPaths = (
				"${PODS_ROOT}/Target Support Files/Pods-Switcher/Pods-Switcher-frameworks-${CONFIGURATION}-input-files.xcfilelist",
			);
			name = "[CP] Embed Pods Frameworks";
			outputFileListPaths = (
				"${PODS_ROOT}/Target Support Files/Pods-Switcher/Pods-Switcher-frameworks-${CONFIGURATION}-output-files.xcfilelist",
			);
			runOnlyForDeploymentPostprocessing = 0;
			shellPath = /bin/sh;
			shellScript = "\"${PODS_ROOT}/Target Support Files/Pods-Switcher/Pods-Switcher-frameworks.sh\"\n";
			showEnvVarsInLog = 0;
		};
		51E3CA8F3A28C63622E67866 /* [CP] Check Pods Manifest.lock */ = {
			isa = PBXShellScriptBuildPhase;
			buildActionMask = 2147483647;
			files = (
			);
			inputFileListPaths = (
			);
			inputPaths = (
				"${PODS_PODFILE_DIR_PATH}/Podfile.lock",
				"${PODS_ROOT}/Manifest.lock",
			);
			name = "[CP] Check Pods Manifest.lock";
			outputFileListPaths = (
			);
			outputPaths = (
				"$(DERIVED_FILE_DIR)/Pods-SwitcherTests-checkManifestLockResult.txt",
			);
			runOnlyForDeploymentPostprocessing = 0;
			shellPath = /bin/sh;
			shellScript = "diff \"${PODS_PODFILE_DIR_PATH}/Podfile.lock\" \"${PODS_ROOT}/Manifest.lock\" > /dev/null\nif [ $? != 0 ] ; then\n    # print error to STDERR\n    echo \"error: The sandbox is not in sync with the Podfile.lock. Run 'pod install' or update your CocoaPods installation.\" >&2\n    exit 1\nfi\n# This output is used by Xcode 'outputs' to avoid re-running this script phase.\necho \"SUCCESS\" > \"${SCRIPT_OUTPUT_FILE_0}\"\n";
			showEnvVarsInLog = 0;
		};
		6C31084868633D01D2C49617 /* [CP] Check Pods Manifest.lock */ = {
			isa = PBXShellScriptBuildPhase;
			buildActionMask = 2147483647;
			files = (
			);
			inputFileListPaths = (
			);
			inputPaths = (
				"${PODS_PODFILE_DIR_PATH}/Podfile.lock",
				"${PODS_ROOT}/Manifest.lock",
			);
			name = "[CP] Check Pods Manifest.lock";
			outputFileListPaths = (
			);
			outputPaths = (
				"$(DERIVED_FILE_DIR)/Pods-Switcher-SwitcherUITests-checkManifestLockResult.txt",
			);
			runOnlyForDeploymentPostprocessing = 0;
			shellPath = /bin/sh;
			shellScript = "diff \"${PODS_PODFILE_DIR_PATH}/Podfile.lock\" \"${PODS_ROOT}/Manifest.lock\" > /dev/null\nif [ $? != 0 ] ; then\n    # print error to STDERR\n    echo \"error: The sandbox is not in sync with the Podfile.lock. Run 'pod install' or update your CocoaPods installation.\" >&2\n    exit 1\nfi\n# This output is used by Xcode 'outputs' to avoid re-running this script phase.\necho \"SUCCESS\" > \"${SCRIPT_OUTPUT_FILE_0}\"\n";
			showEnvVarsInLog = 0;
		};
		C94599B351B94EA3CF5B619F /* [CP] Check Pods Manifest.lock */ = {
			isa = PBXShellScriptBuildPhase;
			buildActionMask = 2147483647;
			files = (
			);
			inputFileListPaths = (
			);
			inputPaths = (
				"${PODS_PODFILE_DIR_PATH}/Podfile.lock",
				"${PODS_ROOT}/Manifest.lock",
			);
			name = "[CP] Check Pods Manifest.lock";
			outputFileListPaths = (
			);
			outputPaths = (
				"$(DERIVED_FILE_DIR)/Pods-Switcher-checkManifestLockResult.txt",
			);
			runOnlyForDeploymentPostprocessing = 0;
			shellPath = /bin/sh;
			shellScript = "diff \"${PODS_PODFILE_DIR_PATH}/Podfile.lock\" \"${PODS_ROOT}/Manifest.lock\" > /dev/null\nif [ $? != 0 ] ; then\n    # print error to STDERR\n    echo \"error: The sandbox is not in sync with the Podfile.lock. Run 'pod install' or update your CocoaPods installation.\" >&2\n    exit 1\nfi\n# This output is used by Xcode 'outputs' to avoid re-running this script phase.\necho \"SUCCESS\" > \"${SCRIPT_OUTPUT_FILE_0}\"\n";
			showEnvVarsInLog = 0;
		};
		F99C8B542A346A3E00E8875C /* [CP] Check Pods Manifest.lock */ = {
			isa = PBXShellScriptBuildPhase;
			buildActionMask = 2147483647;
			files = (
			);
			inputFileListPaths = (
			);
			inputPaths = (
				"${PODS_PODFILE_DIR_PATH}/Podfile.lock",
				"${PODS_ROOT}/Manifest.lock",
			);
			name = "[CP] Check Pods Manifest.lock";
			outputFileListPaths = (
			);
			outputPaths = (
				"$(DERIVED_FILE_DIR)/Pods-Switcher-checkManifestLockResult.txt",
			);
			runOnlyForDeploymentPostprocessing = 0;
			shellPath = /bin/sh;
			shellScript = "diff \"${PODS_PODFILE_DIR_PATH}/Podfile.lock\" \"${PODS_ROOT}/Manifest.lock\" > /dev/null\nif [ $? != 0 ] ; then\n    # print error to STDERR\n    echo \"error: The sandbox is not in sync with the Podfile.lock. Run 'pod install' or update your CocoaPods installation.\" >&2\n    exit 1\nfi\n# This output is used by Xcode 'outputs' to avoid re-running this script phase.\necho \"SUCCESS\" > \"${SCRIPT_OUTPUT_FILE_0}\"\n";
			showEnvVarsInLog = 0;
		};
		F99C8B722A346A3E00E8875C /* [CP] Embed Pods Frameworks */ = {
			isa = PBXShellScriptBuildPhase;
			buildActionMask = 2147483647;
			files = (
			);
			inputFileListPaths = (
				"${PODS_ROOT}/Target Support Files/Pods-Switcher/Pods-Switcher-frameworks-${CONFIGURATION}-input-files.xcfilelist",
			);
			name = "[CP] Embed Pods Frameworks";
			outputFileListPaths = (
				"${PODS_ROOT}/Target Support Files/Pods-Switcher/Pods-Switcher-frameworks-${CONFIGURATION}-output-files.xcfilelist",
			);
			runOnlyForDeploymentPostprocessing = 0;
			shellPath = /bin/sh;
			shellScript = "\"${PODS_ROOT}/Target Support Files/Pods-Switcher/Pods-Switcher-frameworks.sh\"\n";
			showEnvVarsInLog = 0;
		};
/* End PBXShellScriptBuildPhase section */

/* Begin PBXSourcesBuildPhase section */
		F97D4D4F27883B0900FBC5AD /* Sources */ = {
			isa = PBXSourcesBuildPhase;
			buildActionMask = 2147483647;
			files = (
				F99C8B2C2A345A4600E8875C /* MakeMenuButton.swift in Sources */,
				F9743DBE282925B20024F03D /* KeyMapModel.swift in Sources */,
				F9BAFD77278AF8FD00990607 /* ShellCommands.swift in Sources */,
				F97D4D912788419100FBC5AD /* MenuView.swift in Sources */,
				F99C8B292A3459DD00E8875C /* AppDelegate.swift in Sources */,
				F99C8B272A3458EE00E8875C /* CreateEventTap.swift in Sources */,
				F9E7EB11278C5BE2004B5037 /* WelcomeView.swift in Sources */,
				F97D4D5927883B0900FBC5AD /* AlertView.swift in Sources */,
				F97D4D8E2788416300FBC5AD /* CGEventExtension.swift in Sources */,
				F92E21702A75361C00DE55C6 /* MenuModel.swift in Sources */,
				F97D4D5727883B0900FBC5AD /* SwitcherApp.swift in Sources */,
				F92E216C2A7533C100DE55C6 /* Wrapper.swift in Sources */,
				F97D4D9327885EA000FBC5AD /* KeyInputController.swift in Sources */,
			);
			runOnlyForDeploymentPostprocessing = 0;
		};
		F97D4D6027883B0B00FBC5AD /* Sources */ = {
			isa = PBXSourcesBuildPhase;
			buildActionMask = 2147483647;
			files = (
				F97D4D6927883B0B00FBC5AD /* SwitcherTests.swift in Sources */,
			);
			runOnlyForDeploymentPostprocessing = 0;
		};
		F97D4D6A27883B0B00FBC5AD /* Sources */ = {
			isa = PBXSourcesBuildPhase;
			buildActionMask = 2147483647;
			files = (
				F97D4D7527883B0B00FBC5AD /* SwitcherUITestsLaunchTests.swift in Sources */,
				F97D4D7327883B0B00FBC5AD /* SwitcherUITests.swift in Sources */,
			);
			runOnlyForDeploymentPostprocessing = 0;
		};
		F99C8B552A346A3E00E8875C /* Sources */ = {
			isa = PBXSourcesBuildPhase;
			buildActionMask = 2147483647;
			files = (
				F99C8B582A346A3E00E8875C /* MakeMenuButton.swift in Sources */,
				F99C8B5A2A346A3E00E8875C /* ShellCommands.swift in Sources */,
				F99C8B5F2A346A3E00E8875C /* AppDelegate.swift in Sources */,
				F99C8B632A346A3E00E8875C /* CreateEventTap.swift in Sources */,
				F99C8B642A346A3E00E8875C /* WelcomeView.swift in Sources */,
				F99C8B652A346A3E00E8875C /* AlertView.swift in Sources */,
				F99C8B792A346ACF00E8875C /* MenuView.swift in Sources */,
				F99C8B662A346A3E00E8875C /* CGEventExtension.swift in Sources */,
				F92E21712A75363300DE55C6 /* MenuModel.swift in Sources */,
				F99C8B682A346A3E00E8875C /* SwitcherApp.swift in Sources */,
				F99C8B782A346AA100E8875C /* KeyMapModel.swift in Sources */,
				F99C8B6A2A346A3E00E8875C /* KeyInputController.swift in Sources */,
			);
			runOnlyForDeploymentPostprocessing = 0;
		};
/* End PBXSourcesBuildPhase section */

/* Begin PBXTargetDependency section */
		F97D4D6627883B0B00FBC5AD /* PBXTargetDependency */ = {
			isa = PBXTargetDependency;
			target = F97D4D5227883B0900FBC5AD /* Switcher */;
			targetProxy = F97D4D6527883B0B00FBC5AD /* PBXContainerItemProxy */;
		};
		F97D4D7027883B0B00FBC5AD /* PBXTargetDependency */ = {
			isa = PBXTargetDependency;
			target = F97D4D5227883B0900FBC5AD /* Switcher */;
			targetProxy = F97D4D6F27883B0B00FBC5AD /* PBXContainerItemProxy */;
		};
/* End PBXTargetDependency section */

/* Begin PBXVariantGroup section */
		F94C618628C3A5C200EE41ED /* Localizable.strings */ = {
			isa = PBXVariantGroup;
			children = (
				F94C618528C3A5C200EE41ED /* en */,
				F94C618728C3A5F100EE41ED /* ko */,
			);
			name = Localizable.strings;
			sourceTree = "<group>";
		};
/* End PBXVariantGroup section */

/* Begin XCBuildConfiguration section */
		F97D4D7627883B0B00FBC5AD /* Debug */ = {
			isa = XCBuildConfiguration;
			buildSettings = {
				ALWAYS_SEARCH_USER_PATHS = NO;
				CLANG_ANALYZER_LOCALIZABILITY_NONLOCALIZED = YES;
				CLANG_ANALYZER_NONNULL = YES;
				CLANG_ANALYZER_NUMBER_OBJECT_CONVERSION = YES_AGGRESSIVE;
				CLANG_CXX_LANGUAGE_STANDARD = "gnu++17";
				CLANG_CXX_LIBRARY = "libc++";
				CLANG_ENABLE_MODULES = YES;
				CLANG_ENABLE_OBJC_ARC = YES;
				CLANG_ENABLE_OBJC_WEAK = YES;
				CLANG_WARN_BLOCK_CAPTURE_AUTORELEASING = YES;
				CLANG_WARN_BOOL_CONVERSION = YES;
				CLANG_WARN_COMMA = YES;
				CLANG_WARN_CONSTANT_CONVERSION = YES;
				CLANG_WARN_DEPRECATED_OBJC_IMPLEMENTATIONS = YES;
				CLANG_WARN_DIRECT_OBJC_ISA_USAGE = YES_ERROR;
				CLANG_WARN_DOCUMENTATION_COMMENTS = YES;
				CLANG_WARN_EMPTY_BODY = YES;
				CLANG_WARN_ENUM_CONVERSION = YES;
				CLANG_WARN_INFINITE_RECURSION = YES;
				CLANG_WARN_INT_CONVERSION = YES;
				CLANG_WARN_NON_LITERAL_NULL_CONVERSION = YES;
				CLANG_WARN_OBJC_IMPLICIT_RETAIN_SELF = YES;
				CLANG_WARN_OBJC_LITERAL_CONVERSION = YES;
				CLANG_WARN_OBJC_ROOT_CLASS = YES_ERROR;
				CLANG_WARN_QUOTED_INCLUDE_IN_FRAMEWORK_HEADER = YES;
				CLANG_WARN_RANGE_LOOP_ANALYSIS = YES;
				CLANG_WARN_STRICT_PROTOTYPES = YES;
				CLANG_WARN_SUSPICIOUS_MOVE = YES;
				CLANG_WARN_UNGUARDED_AVAILABILITY = YES_AGGRESSIVE;
				CLANG_WARN_UNREACHABLE_CODE = YES;
				CLANG_WARN__DUPLICATE_METHOD_MATCH = YES;
				COPY_PHASE_STRIP = NO;
				DEBUG_INFORMATION_FORMAT = dwarf;
				ENABLE_STRICT_OBJC_MSGSEND = YES;
				ENABLE_TESTABILITY = YES;
				GCC_C_LANGUAGE_STANDARD = gnu11;
				GCC_DYNAMIC_NO_PIC = NO;
				GCC_NO_COMMON_BLOCKS = YES;
				GCC_OPTIMIZATION_LEVEL = 0;
				GCC_PREPROCESSOR_DEFINITIONS = (
					"DEBUG=1",
					"$(inherited)",
				);
				GCC_WARN_64_TO_32_BIT_CONVERSION = YES;
				GCC_WARN_ABOUT_RETURN_TYPE = YES_ERROR;
				GCC_WARN_UNDECLARED_SELECTOR = YES;
				GCC_WARN_UNINITIALIZED_AUTOS = YES_AGGRESSIVE;
				GCC_WARN_UNUSED_FUNCTION = YES;
				GCC_WARN_UNUSED_VARIABLE = YES;
				MACOSX_DEPLOYMENT_TARGET = 12.0;
				MTL_ENABLE_DEBUG_INFO = INCLUDE_SOURCE;
				MTL_FAST_MATH = YES;
				ONLY_ACTIVE_ARCH = YES;
				SDKROOT = macosx;
				SWIFT_ACTIVE_COMPILATION_CONDITIONS = DEBUG;
				SWIFT_OPTIMIZATION_LEVEL = "-Onone";
			};
			name = Debug;
		};
		F97D4D7727883B0B00FBC5AD /* Release */ = {
			isa = XCBuildConfiguration;
			buildSettings = {
				ALWAYS_SEARCH_USER_PATHS = NO;
				CLANG_ANALYZER_LOCALIZABILITY_NONLOCALIZED = YES;
				CLANG_ANALYZER_NONNULL = YES;
				CLANG_ANALYZER_NUMBER_OBJECT_CONVERSION = YES_AGGRESSIVE;
				CLANG_CXX_LANGUAGE_STANDARD = "gnu++17";
				CLANG_CXX_LIBRARY = "libc++";
				CLANG_ENABLE_MODULES = YES;
				CLANG_ENABLE_OBJC_ARC = YES;
				CLANG_ENABLE_OBJC_WEAK = YES;
				CLANG_WARN_BLOCK_CAPTURE_AUTORELEASING = YES;
				CLANG_WARN_BOOL_CONVERSION = YES;
				CLANG_WARN_COMMA = YES;
				CLANG_WARN_CONSTANT_CONVERSION = YES;
				CLANG_WARN_DEPRECATED_OBJC_IMPLEMENTATIONS = YES;
				CLANG_WARN_DIRECT_OBJC_ISA_USAGE = YES_ERROR;
				CLANG_WARN_DOCUMENTATION_COMMENTS = YES;
				CLANG_WARN_EMPTY_BODY = YES;
				CLANG_WARN_ENUM_CONVERSION = YES;
				CLANG_WARN_INFINITE_RECURSION = YES;
				CLANG_WARN_INT_CONVERSION = YES;
				CLANG_WARN_NON_LITERAL_NULL_CONVERSION = YES;
				CLANG_WARN_OBJC_IMPLICIT_RETAIN_SELF = YES;
				CLANG_WARN_OBJC_LITERAL_CONVERSION = YES;
				CLANG_WARN_OBJC_ROOT_CLASS = YES_ERROR;
				CLANG_WARN_QUOTED_INCLUDE_IN_FRAMEWORK_HEADER = YES;
				CLANG_WARN_RANGE_LOOP_ANALYSIS = YES;
				CLANG_WARN_STRICT_PROTOTYPES = YES;
				CLANG_WARN_SUSPICIOUS_MOVE = YES;
				CLANG_WARN_UNGUARDED_AVAILABILITY = YES_AGGRESSIVE;
				CLANG_WARN_UNREACHABLE_CODE = YES;
				CLANG_WARN__DUPLICATE_METHOD_MATCH = YES;
				COPY_PHASE_STRIP = NO;
				DEBUG_INFORMATION_FORMAT = "dwarf-with-dsym";
				ENABLE_NS_ASSERTIONS = NO;
				ENABLE_STRICT_OBJC_MSGSEND = YES;
				GCC_C_LANGUAGE_STANDARD = gnu11;
				GCC_NO_COMMON_BLOCKS = YES;
				GCC_WARN_64_TO_32_BIT_CONVERSION = YES;
				GCC_WARN_ABOUT_RETURN_TYPE = YES_ERROR;
				GCC_WARN_UNDECLARED_SELECTOR = YES;
				GCC_WARN_UNINITIALIZED_AUTOS = YES_AGGRESSIVE;
				GCC_WARN_UNUSED_FUNCTION = YES;
				GCC_WARN_UNUSED_VARIABLE = YES;
				MACOSX_DEPLOYMENT_TARGET = 12.0;
				MTL_ENABLE_DEBUG_INFO = NO;
				MTL_FAST_MATH = YES;
				SDKROOT = macosx;
				SWIFT_COMPILATION_MODE = wholemodule;
				SWIFT_OPTIMIZATION_LEVEL = "-O";
			};
			name = Release;
		};
		F97D4D7927883B0B00FBC5AD /* Debug */ = {
			isa = XCBuildConfiguration;
			baseConfigurationReference = C8CCB961CFAD0B80537658BB /* Pods-Switcher.debug.xcconfig */;
			buildSettings = {
				ASSETCATALOG_COMPILER_APPICON_NAME = AppIcon;
				ASSETCATALOG_COMPILER_GLOBAL_ACCENT_COLOR_NAME = AccentColor;
				CODE_SIGN_ENTITLEMENTS = Switcher/Switcher.entitlements;
				CODE_SIGN_STYLE = Automatic;
				COMBINE_HIDPI_IMAGES = YES;
				CURRENT_PROJECT_VERSION = 1;
				DEVELOPMENT_ASSET_PATHS = "\"Switcher/Preview Content\"";
				DEVELOPMENT_TEAM = ABL4JWM3PY;
				ENABLE_HARDENED_RUNTIME = YES;
				ENABLE_PREVIEWS = YES;
				GENERATE_INFOPLIST_FILE = YES;
				INFOPLIST_FILE = Switcher/Info.plist;
				INFOPLIST_KEY_NSHumanReadableCopyright = "";
				LD_RUNPATH_SEARCH_PATHS = (
					"$(inherited)",
					"@executable_path/../Frameworks",
				);
				MACOSX_DEPLOYMENT_TARGET = 12.0;
				MARKETING_VERSION = 3.0.0;
				PRODUCT_BUNDLE_IDENTIFIER = com.tkgka.Switcher;
				PRODUCT_NAME = "$(TARGET_NAME)";
				SWIFT_EMIT_LOC_STRINGS = YES;
				SWIFT_VERSION = 5.0;
			};
			name = Debug;
		};
		F97D4D7A27883B0B00FBC5AD /* Release */ = {
			isa = XCBuildConfiguration;
			baseConfigurationReference = 578D1AE8C837FA87C88679EF /* Pods-Switcher.release.xcconfig */;
			buildSettings = {
				ASSETCATALOG_COMPILER_APPICON_NAME = AppIcon;
				ASSETCATALOG_COMPILER_GLOBAL_ACCENT_COLOR_NAME = AccentColor;
				CODE_SIGN_ENTITLEMENTS = Switcher/Switcher.entitlements;
				CODE_SIGN_STYLE = Automatic;
				COMBINE_HIDPI_IMAGES = YES;
				CURRENT_PROJECT_VERSION = 1;
				DEVELOPMENT_ASSET_PATHS = "\"Switcher/Preview Content\"";
				DEVELOPMENT_TEAM = ABL4JWM3PY;
				ENABLE_HARDENED_RUNTIME = YES;
				ENABLE_PREVIEWS = YES;
				GENERATE_INFOPLIST_FILE = YES;
				INFOPLIST_FILE = Switcher/Info.plist;
				INFOPLIST_KEY_NSHumanReadableCopyright = "";
				LD_RUNPATH_SEARCH_PATHS = (
					"$(inherited)",
					"@executable_path/../Frameworks",
				);
				MACOSX_DEPLOYMENT_TARGET = 12.0;
				MARKETING_VERSION = 3.0.0;
				PRODUCT_BUNDLE_IDENTIFIER = com.tkgka.Switcher;
				PRODUCT_NAME = "$(TARGET_NAME)";
				SWIFT_EMIT_LOC_STRINGS = YES;
				SWIFT_VERSION = 5.0;
			};
			name = Release;
		};
		F97D4D7C27883B0B00FBC5AD /* Debug */ = {
			isa = XCBuildConfiguration;
			baseConfigurationReference = C0E6F129B0537995A6C69EEC /* Pods-SwitcherTests.debug.xcconfig */;
			buildSettings = {
				ALWAYS_EMBED_SWIFT_STANDARD_LIBRARIES = YES;
				BUNDLE_LOADER = "$(TEST_HOST)";
				CODE_SIGN_STYLE = Automatic;
				CURRENT_PROJECT_VERSION = 1;
				DEVELOPMENT_TEAM = ABL4JWM3PY;
				GENERATE_INFOPLIST_FILE = YES;
				MACOSX_DEPLOYMENT_TARGET = 12.1;
				MARKETING_VERSION = 1.0;
				PRODUCT_BUNDLE_IDENTIFIER = com.tkgka.SwitcherTests;
				PRODUCT_NAME = "$(TARGET_NAME)";
				SWIFT_EMIT_LOC_STRINGS = NO;
				SWIFT_VERSION = 5.0;
				TEST_HOST = "$(BUILT_PRODUCTS_DIR)/Switcher.app/Contents/MacOS/Switcher";
			};
			name = Debug;
		};
		F97D4D7D27883B0B00FBC5AD /* Release */ = {
			isa = XCBuildConfiguration;
			baseConfigurationReference = 3481CD92242070E45C675733 /* Pods-SwitcherTests.release.xcconfig */;
			buildSettings = {
				ALWAYS_EMBED_SWIFT_STANDARD_LIBRARIES = YES;
				BUNDLE_LOADER = "$(TEST_HOST)";
				CODE_SIGN_STYLE = Automatic;
				CURRENT_PROJECT_VERSION = 1;
				DEVELOPMENT_TEAM = ABL4JWM3PY;
				GENERATE_INFOPLIST_FILE = YES;
				MACOSX_DEPLOYMENT_TARGET = 12.1;
				MARKETING_VERSION = 1.0;
				PRODUCT_BUNDLE_IDENTIFIER = com.tkgka.SwitcherTests;
				PRODUCT_NAME = "$(TARGET_NAME)";
				SWIFT_EMIT_LOC_STRINGS = NO;
				SWIFT_VERSION = 5.0;
				TEST_HOST = "$(BUILT_PRODUCTS_DIR)/Switcher.app/Contents/MacOS/Switcher";
			};
			name = Release;
		};
		F97D4D7F27883B0B00FBC5AD /* Debug */ = {
			isa = XCBuildConfiguration;
			baseConfigurationReference = 53E1A3AEAB5FF0968E1F3A64 /* Pods-Switcher-SwitcherUITests.debug.xcconfig */;
			buildSettings = {
				ALWAYS_EMBED_SWIFT_STANDARD_LIBRARIES = YES;
				CODE_SIGN_STYLE = Automatic;
				CURRENT_PROJECT_VERSION = 1;
				DEVELOPMENT_TEAM = ABL4JWM3PY;
				GENERATE_INFOPLIST_FILE = YES;
				MARKETING_VERSION = 1.0;
				PRODUCT_BUNDLE_IDENTIFIER = com.tkgka.SwitcherUITests;
				PRODUCT_NAME = "$(TARGET_NAME)";
				SWIFT_EMIT_LOC_STRINGS = NO;
				SWIFT_VERSION = 5.0;
				TEST_TARGET_NAME = Switcher;
			};
			name = Debug;
		};
		F97D4D8027883B0B00FBC5AD /* Release */ = {
			isa = XCBuildConfiguration;
			baseConfigurationReference = 00253C0572F4A70B4DAFF128 /* Pods-Switcher-SwitcherUITests.release.xcconfig */;
			buildSettings = {
				ALWAYS_EMBED_SWIFT_STANDARD_LIBRARIES = YES;
				CODE_SIGN_STYLE = Automatic;
				CURRENT_PROJECT_VERSION = 1;
				DEVELOPMENT_TEAM = ABL4JWM3PY;
				GENERATE_INFOPLIST_FILE = YES;
				MARKETING_VERSION = 1.0;
				PRODUCT_BUNDLE_IDENTIFIER = com.tkgka.SwitcherUITests;
				PRODUCT_NAME = "$(TARGET_NAME)";
				SWIFT_EMIT_LOC_STRINGS = NO;
				SWIFT_VERSION = 5.0;
				TEST_TARGET_NAME = Switcher;
			};
			name = Release;
		};
		F99C8B742A346A3E00E8875C /* Debug */ = {
			isa = XCBuildConfiguration;
			baseConfigurationReference = C8CCB961CFAD0B80537658BB /* Pods-Switcher.debug.xcconfig */;
			buildSettings = {
				ASSETCATALOG_COMPILER_APPICON_NAME = AppIcon;
				ASSETCATALOG_COMPILER_GLOBAL_ACCENT_COLOR_NAME = AccentColor;
				CODE_SIGN_ENTITLEMENTS = Switcher/Switcher.entitlements;
				CODE_SIGN_STYLE = Automatic;
				COMBINE_HIDPI_IMAGES = YES;
				CURRENT_PROJECT_VERSION = 1;
				DEVELOPMENT_ASSET_PATHS = "\"Switcher/Preview Content\"";
				DEVELOPMENT_TEAM = ABL4JWM3PY;
				ENABLE_HARDENED_RUNTIME = YES;
				ENABLE_PREVIEWS = YES;
				GENERATE_INFOPLIST_FILE = YES;
				INFOPLIST_FILE = "Switcher copy-Info.plist";
				INFOPLIST_KEY_NSHumanReadableCopyright = "";
				LD_RUNPATH_SEARCH_PATHS = (
					"$(inherited)",
					"@executable_path/../Frameworks",
				);
				MACOSX_DEPLOYMENT_TARGET = 12.0;
				MARKETING_VERSION = 2.0.6;
				PRODUCT_BUNDLE_IDENTIFIER = com.tkgka.Switcher;
				PRODUCT_NAME = "$(TARGET_NAME)";
				SWIFT_EMIT_LOC_STRINGS = YES;
				SWIFT_VERSION = 5.0;
			};
			name = Debug;
		};
		F99C8B752A346A3E00E8875C /* Release */ = {
			isa = XCBuildConfiguration;
			baseConfigurationReference = 578D1AE8C837FA87C88679EF /* Pods-Switcher.release.xcconfig */;
			buildSettings = {
				ASSETCATALOG_COMPILER_APPICON_NAME = AppIcon;
				ASSETCATALOG_COMPILER_GLOBAL_ACCENT_COLOR_NAME = AccentColor;
				CODE_SIGN_ENTITLEMENTS = Switcher/Switcher.entitlements;
				CODE_SIGN_STYLE = Automatic;
				COMBINE_HIDPI_IMAGES = YES;
				CURRENT_PROJECT_VERSION = 1;
				DEVELOPMENT_ASSET_PATHS = "\"Switcher/Preview Content\"";
				DEVELOPMENT_TEAM = ABL4JWM3PY;
				ENABLE_HARDENED_RUNTIME = YES;
				ENABLE_PREVIEWS = YES;
				GENERATE_INFOPLIST_FILE = YES;
				INFOPLIST_FILE = "Switcher copy-Info.plist";
				INFOPLIST_KEY_NSHumanReadableCopyright = "";
				LD_RUNPATH_SEARCH_PATHS = (
					"$(inherited)",
					"@executable_path/../Frameworks",
				);
				MACOSX_DEPLOYMENT_TARGET = 12.0;
				MARKETING_VERSION = 2.0.6;
				PRODUCT_BUNDLE_IDENTIFIER = com.tkgka.Switcher;
				PRODUCT_NAME = "$(TARGET_NAME)";
				SWIFT_EMIT_LOC_STRINGS = YES;
				SWIFT_VERSION = 5.0;
			};
			name = Release;
		};
/* End XCBuildConfiguration section */

/* Begin XCConfigurationList section */
		F97D4D4E27883B0900FBC5AD /* Build configuration list for PBXProject "Switcher" */ = {
			isa = XCConfigurationList;
			buildConfigurations = (
				F97D4D7627883B0B00FBC5AD /* Debug */,
				F97D4D7727883B0B00FBC5AD /* Release */,
			);
			defaultConfigurationIsVisible = 0;
			defaultConfigurationName = Release;
		};
		F97D4D7827883B0B00FBC5AD /* Build configuration list for PBXNativeTarget "Switcher" */ = {
			isa = XCConfigurationList;
			buildConfigurations = (
				F97D4D7927883B0B00FBC5AD /* Debug */,
				F97D4D7A27883B0B00FBC5AD /* Release */,
			);
			defaultConfigurationIsVisible = 0;
			defaultConfigurationName = Release;
		};
		F97D4D7B27883B0B00FBC5AD /* Build configuration list for PBXNativeTarget "SwitcherTests" */ = {
			isa = XCConfigurationList;
			buildConfigurations = (
				F97D4D7C27883B0B00FBC5AD /* Debug */,
				F97D4D7D27883B0B00FBC5AD /* Release */,
			);
			defaultConfigurationIsVisible = 0;
			defaultConfigurationName = Release;
		};
		F97D4D7E27883B0B00FBC5AD /* Build configuration list for PBXNativeTarget "SwitcherUITests" */ = {
			isa = XCConfigurationList;
			buildConfigurations = (
				F97D4D7F27883B0B00FBC5AD /* Debug */,
				F97D4D8027883B0B00FBC5AD /* Release */,
			);
			defaultConfigurationIsVisible = 0;
			defaultConfigurationName = Release;
		};
		F99C8B732A346A3E00E8875C /* Build configuration list for PBXNativeTarget "Switcher_V3.0.0" */ = {
			isa = XCConfigurationList;
			buildConfigurations = (
				F99C8B742A346A3E00E8875C /* Debug */,
				F99C8B752A346A3E00E8875C /* Release */,
			);
			defaultConfigurationIsVisible = 0;
			defaultConfigurationName = Release;
		};
/* End XCConfigurationList section */
	};
	rootObject = F97D4D4B27883B0900FBC5AD /* Project object */;
}
